{
  "version": "5",
  "specifiers": {
    "jsr:@eai/logging-ts@^2.6.0": "2.7.2",
    "jsr:@eai/models@^1.3.0": "1.4.0",
    "jsr:@std/assert@^1.0.14": "1.0.19",
    "jsr:@std/async@1": "1.5.0",
    "jsr:@std/cli@^1.0.32": "1.0.32",
    "jsr:@std/data-structures@^1.1.1": "1.1.1",
    "jsr:@std/encoding@^1.0.11": "1.0.11",
    "jsr:@std/fmt@^1.0.10": "1.0.10",
    "jsr:@std/fmt@^1.0.5": "1.0.10",
    "jsr:@std/fmt@^1.0.9": "1.0.10",
    "jsr:@std/fs@^1.0.11": "1.0.24",
    "jsr:@std/fs@^1.0.24": "1.0.24",
    "jsr:@std/html@^1.0.7": "1.0.7",
    "jsr:@std/http@1": "1.1.3",
    "jsr:@std/internal@^1.0.12": "1.0.14",
    "jsr:@std/internal@^1.0.14": "1.0.14",
    "jsr:@std/io@~0.225.2": "0.225.3",
    "jsr:@std/json@^1.0.2": "1.1.0",
    "jsr:@std/jsonc@^1.0.2": "1.0.2",
    "jsr:@std/log@0.224": "0.224.14",
    "jsr:@std/media-types@^1.1.0": "1.1.0",
    "jsr:@std/net@^1.0.6": "1.0.6",
    "jsr:@std/path@1": "1.1.6",
    "jsr:@std/path@^1.1.4": "1.1.6",
    "jsr:@std/path@^1.1.6": "1.1.6",
    "jsr:@std/streams@^1.1.2": "1.1.2"
  },
  "jsr": {
    "@eai/logging-ts@2.7.2": {
      "integrity": "e24ea7a8e4cda3bc747fb1f6a3c1893e2ca8b36c8ce92f540867f87ce9980bf3",
      "dependencies": [
        "jsr:@std/fmt@^1.0.9",
        "jsr:@std/jsonc",
        "jsr:@std/log",
        "jsr:@std/path@^1.1.4"
      ]
    },
    "@eai/models@1.4.0": {
      "integrity": "b7b987f438e458fff813550c37d6c10df5eae33a63de9dffb5d8d68cea2c0624"
    },
    "@std/assert@1.0.19": {
      "integrity": "eaada96ee120cb980bc47e040f82814d786fe8162ecc53c91d8df60b8755991e",
      "dependencies": [
        "jsr:@std/internal@^1.0.12"
      ]
    },
    "@std/async@1.5.0": {
      "integrity": "4c1f22d287a17ad7d8643b1952bc5a4d21e5d8b68dc8c20d8268eecc69096e82",
      "dependencies": [
        "jsr:@std/data-structures"
      ]
    },
    "@std/cli@1.0.32": {
      "integrity": "188b3a100d6202d64e3f5bd3d799c7fa4f6d77f92cc65eb7f641c1fa0aa92a66"
    },
    "@std/data-structures@1.1.1": {
      "integrity": "7e1fcf19771fb9c6dbcd7f65039d6d42ef8dc023cfbc0c4cdc74b24e09229380"
    },
    "@std/encoding@1.0.11": {
      "integrity": "e7cef2f0b3153bccc17431e7c864a1de03a4b6d9647389c43e08aaa775d37385"
    },
    "@std/fmt@1.0.10": {
      "integrity": "90dfba288802ac6de82fb31d0917eb9e4450b9925b954d5e51fc29ac07419db5"
    },
    "@std/fs@1.0.24": {
      "integrity": "f3061b45b81673a2bece689da041df32d174be064c89eb6397fb5718d3fb7877"
    },
    "@std/html@1.0.7": {
      "integrity": "175c818905a6e75743c69c251395e273d82698e58cfe7dd76268d70e28b8d8fe"
    },
    "@std/http@1.1.3": {
      "integrity": "73a98e05ff58aa18bea562d286172e6c815b1eddd4fcab194beda19e3683b88c",
      "dependencies": [
        "jsr:@std/cli",
        "jsr:@std/encoding",
        "jsr:@std/fmt@^1.0.10",
        "jsr:@std/fs@^1.0.24",
        "jsr:@std/html",
        "jsr:@std/media-types",
        "jsr:@std/net",
        "jsr:@std/path@^1.1.6",
        "jsr:@std/streams"
      ]
    },
    "@std/internal@1.0.14": {
      "integrity": "291516b3d4c35024d6ffbc0a9df5bf4c64116e05b50012cf846710152d2ffdf7"
    },
    "@std/io@0.225.3": {
      "integrity": "27b07b591384d12d7b568f39e61dff966b8230559122df1e9fd11cc068f7ddd1"
    },
    "@std/json@1.1.0": {
      "integrity": "93330d3ed4054d6b1ffe54b075432c80a5f671be77277b978931e018014cb1cc"
    },
    "@std/jsonc@1.0.2": {
      "integrity": "909605dae3af22bd75b1cbda8d64a32cf1fd2cf6efa3f9e224aba6d22c0f44c7",
      "dependencies": [
        "jsr:@std/json"
      ]
    },
    "@std/log@0.224.14": {
      "integrity": "257f7adceee3b53bb2bc86c7242e7d1bc59729e57d4981c4a7e5b876c808f05e",
      "dependencies": [
        "jsr:@std/fmt@^1.0.5",
        "jsr:@std/fs@^1.0.11",
        "jsr:@std/io"
      ]
    },
    "@std/media-types@1.1.0": {
      "integrity": "c9d093f0c05c3512932b330e3cc1fe1d627b301db33a4c2c2185c02471d6eaa4"
    },
    "@std/net@1.0.6": {
      "integrity": "110735f93e95bb9feb95790a8b1d1bf69ec0dc74f3f97a00a76ea5efea25500c"
    },
    "@std/path@1.1.6": {
      "integrity": "c68485c2a4dfbb5ae3cc74fae4e8c4e5d874cf8a8ed12927917235c758b46cbe",
      "dependencies": [
        "jsr:@std/internal@^1.0.14"
      ]
    },
    "@std/streams@1.1.2": {
      "integrity": "0249bf9b78a999f57032ca4d8e7ccaa57579090242640b35ddc948fbb745d3af"
    }
  },
  "workspace": {
    "dependencies": [
      "jsr:@eai/ier@1",
      "jsr:@eai/logging-ts@^2.6.0",
      "jsr:@eai/models@^1.3.0",
      "jsr:@std/assert@^1.0.14",
      "jsr:@std/async@1",
      "jsr:@std/http@1",
      "jsr:@std/log@0.224",
      "jsr:@std/path@1"
    ],
    "packageJson": {
      "dependencies": [
        "npm:@fontsource/ibm-plex-mono@^5.3.0",
        "npm:@fontsource/ibm-plex-sans@^5.3.0",
        "npm:@fontsource/saira-condensed@^5.3.0",
        "npm:@types/react-dom@^18.3.1",
        "npm:@types/react@^18.3.12",
        "npm:@vitejs/plugin-react@^4.3.4",
        "npm:react-dom@^18.3.1",
        "npm:react@^18.3.1",
        "npm:typescript@^5.6.3",
        "npm:vite@^5.4.11",
        "npm:vitest@^2.1.9"
      ]
    }
  }
}
